
Microsoft Visual Studio Solution File, Format Version 12.00
# Visual Studio Version 17
VisualStudioVersion = 17.8.34330.188
MinimumVisualStudioVersion = 10.0.40219.1
Project("{9A19103F-16F7-4668-BE54-9A1E7A4F7556}") = "claims-financial-gateway", "claims-financial-gateway\claims-financial-gateway\claims-financial-gateway.csproj", "{B8A154B9-CACA-497F-BB6C-346FCEAB28FB}"
EndProject
Project("{9A19103F-16F7-4668-BE54-9A1E7A4F7556}") = "claims-financial-gateway.Client", "claims-financial-gateway\claims-financial-gateway.Client\claims-financial-gateway.Client.csproj", "{B381E49E-D677-40E4-A762-D6FFB916CB94}"
EndProject
Global
	GlobalSection(SolutionConfigurationPlatforms) = preSolution
		Debug|Any CPU = Debug|Any CPU
		Release|Any CPU = Release|Any CPU
	EndGlobalSection
	GlobalSection(ProjectConfigurationPlatforms) = postSolution
		{B8A154B9-CACA-497F-BB6C-346FCEAB28FB}.Debug|Any CPU.ActiveCfg = Debug|Any CPU
		{B8A154B9-CACA-497F-BB6C-346FCEAB28FB}.Debug|Any CPU.Build.0 = Debug|Any CPU
		{B8A154B9-CACA-497F-BB6C-346FCEAB28FB}.Release|Any CPU.ActiveCfg = Release|Any CPU
		{B8A154B9-CACA-497F-BB6C-346FCEAB28FB}.Release|Any CPU.Build.0 = Release|Any CPU
		{B381E49E-D677-40E4-A762-D6FFB916CB94}.Debug|Any CPU.ActiveCfg = Debug|Any CPU
		{B381E49E-D677-40E4-A762-D6FFB916CB94}.Debug|Any CPU.Build.0 = Debug|Any CPU
		{B381E49E-D677-40E4-A762-D6FFB916CB94}.Release|Any CPU.ActiveCfg = Release|Any CPU
		{B381E49E-D677-40E4-A762-D6FFB916CB94}.Release|Any CPU.Build.0 = Release|Any CPU
	EndGlobalSection
	GlobalSection(SolutionProperties) = preSolution
		HideSolutionNode = FALSE
	EndGlobalSection
	GlobalSection(ExtensibilityGlobals) = postSolution
		SolutionGuid = {FF0325C1-E8B7-4E87-9D7C-DDE30A4BC930}
	EndGlobalSection
EndGlobal
